
Microsoft Visual Studio Solution File, Format Version 12.00
# Visual Studio Version 16
VisualStudioVersion = 16.0.32126.315
MinimumVisualStudioVersion = 10.0.40219.1
Project("{FAE04EC0-301F-11D3-BF4B-00C04F79EFBC}") = "Переговорка", "Переговорка\Переговорка.csproj", "{178B69A9-FE8A-4462-8FB2-31B720F8A7E3}"
EndProject
Project("{FAE04EC0-301F-11D3-BF4B-00C04F79EFBC}") = "connectionTest", "connectionTest\connectionTest.csproj", "{0E8B065D-AEC4-4A3A-86B5-2C19C0F78256}"
EndProject
Global
	GlobalSection(SolutionConfigurationPlatforms) = preSolution
		Debug|Any CPU = Debug|Any CPU
		Release|Any CPU = Release|Any CPU
	EndGlobalSection
	GlobalSection(ProjectConfigurationPlatforms) = postSolution
		{178B69A9-FE8A-4462-8FB2-31B720F8A7E3}.Debug|Any CPU.ActiveCfg = Debug|Any CPU
		{178B69A9-FE8A-4462-8FB2-31B720F8A7E3}.Debug|Any CPU.Build.0 = Debug|Any CPU
		{178B69A9-FE8A-4462-8FB2-31B720F8A7E3}.Release|Any CPU.ActiveCfg = Release|Any CPU
		{178B69A9-FE8A-4462-8FB2-31B720F8A7E3}.Release|Any CPU.Build.0 = Release|Any CPU
		{0E8B065D-AEC4-4A3A-86B5-2C19C0F78256}.Debug|Any CPU.ActiveCfg = Debug|Any CPU
		{0E8B065D-AEC4-4A3A-86B5-2C19C0F78256}.Debug|Any CPU.Build.0 = Debug|Any CPU
		{0E8B065D-AEC4-4A3A-86B5-2C19C0F78256}.Release|Any CPU.ActiveCfg = Release|Any CPU
		{0E8B065D-AEC4-4A3A-86B5-2C19C0F78256}.Release|Any CPU.Build.0 = Release|Any CPU
	EndGlobalSection
	GlobalSection(SolutionProperties) = preSolution
		HideSolutionNode = FALSE
	EndGlobalSection
	GlobalSection(ExtensibilityGlobals) = postSolution
		SolutionGuid = {ADFF4909-3EBE-48BF-B56F-B5D1E8894DC0}
	EndGlobalSection
EndGlobal
